
Microsoft Visual Studio Solution File, Format Version 12.00
# Visual Studio Version 17
VisualStudioVersion = 17.0.32112.339
MinimumVisualStudioVersion = 10.0.40219.1
Project("{9A19103F-16F7-4668-BE54-9A1E7A4F7556}") = "Day1-CalorieCounting", "AdventOfCode2022\Day1-CalorieCounting.csproj", "{C6B02BE2-1CF8-42E0-BF01-104CF9FF8F8E}"
EndProject
Project("{9A19103F-16F7-4668-BE54-9A1E7A4F7556}") = "Day2-RockPaperScissors", "Day2-RockPaperScissors\Day2-RockPaperScissors.csproj", "{632EC148-F6A6-4BB2-AFF2-0437446DE0DD}"
EndProject
Project("{9A19103F-16F7-4668-BE54-9A1E7A4F7556}") = "Day3-RucksackReorganization", "Day3-RucksackReorganization\Day3-RucksackReorganization.csproj", "{69517367-856A-4A9A-9F67-DE1B9D5905D2}"
EndProject
Project("{9A19103F-16F7-4668-BE54-9A1E7A4F7556}") = "Day4-CampCleanup", "Day4-CampCleanup\Day4-CampCleanup.csproj", "{1216ECAE-5C42-4868-B907-D83179CA4513}"
EndProject
Project("{9A19103F-16F7-4668-BE54-9A1E7A4F7556}") = "Day5-SupplyStacks", "Day5-SupplyStacks\Day5-SupplyStacks.csproj", "{5BC221E1-7B28-43C4-B679-697436953959}"
EndProject
Project("{FAE04EC0-301F-11D3-BF4B-00C04F79EFBC}") = "Day6-TuningTrouble", "Day6-TuningTrouble\Day6-TuningTrouble.csproj", "{D918AA31-538A-452F-877B-DBCF0B3F74D9}"
EndProject
Project("{FAE04EC0-301F-11D3-BF4B-00C04F79EFBC}") = "Day7-NoSpaceLeftOnDevice", "Day7-NoSpaceLeftOnDevice\Day7-NoSpaceLeftOnDevice.csproj", "{76EB187B-1E8F-40DB-B6B6-1C04C7B3C1C2}"
EndProject
Global
	GlobalSection(SolutionConfigurationPlatforms) = preSolution
		Debug|Any CPU = Debug|Any CPU
		Release|Any CPU = Release|Any CPU
	EndGlobalSection
	GlobalSection(ProjectConfigurationPlatforms) = postSolution
		{C6B02BE2-1CF8-42E0-BF01-104CF9FF8F8E}.Debug|Any CPU.ActiveCfg = Debug|Any CPU
		{C6B02BE2-1CF8-42E0-BF01-104CF9FF8F8E}.Debug|Any CPU.Build.0 = Debug|Any CPU
		{C6B02BE2-1CF8-42E0-BF01-104CF9FF8F8E}.Release|Any CPU.ActiveCfg = Release|Any CPU
		{C6B02BE2-1CF8-42E0-BF01-104CF9FF8F8E}.Release|Any CPU.Build.0 = Release|Any CPU
		{632EC148-F6A6-4BB2-AFF2-0437446DE0DD}.Debug|Any CPU.ActiveCfg = Debug|Any CPU
		{632EC148-F6A6-4BB2-AFF2-0437446DE0DD}.Debug|Any CPU.Build.0 = Debug|Any CPU
		{632EC148-F6A6-4BB2-AFF2-0437446DE0DD}.Release|Any CPU.ActiveCfg = Release|Any CPU
		{632EC148-F6A6-4BB2-AFF2-0437446DE0DD}.Release|Any CPU.Build.0 = Release|Any CPU
		{69517367-856A-4A9A-9F67-DE1B9D5905D2}.Debug|Any CPU.ActiveCfg = Debug|Any CPU
		{69517367-856A-4A9A-9F67-DE1B9D5905D2}.Debug|Any CPU.Build.0 = Debug|Any CPU
		{69517367-856A-4A9A-9F67-DE1B9D5905D2}.Release|Any CPU.ActiveCfg = Release|Any CPU
		{69517367-856A-4A9A-9F67-DE1B9D5905D2}.Release|Any CPU.Build.0 = Release|Any CPU
		{1216ECAE-5C42-4868-B907-D83179CA4513}.Debug|Any CPU.ActiveCfg = Debug|Any CPU
		{1216ECAE-5C42-4868-B907-D83179CA4513}.Debug|Any CPU.Build.0 = Debug|Any CPU
		{1216ECAE-5C42-4868-B907-D83179CA4513}.Release|Any CPU.ActiveCfg = Release|Any CPU
		{1216ECAE-5C42-4868-B907-D83179CA4513}.Release|Any CPU.Build.0 = Release|Any CPU
		{5BC221E1-7B28-43C4-B679-697436953959}.Debug|Any CPU.ActiveCfg = Debug|Any CPU
		{5BC221E1-7B28-43C4-B679-697436953959}.Debug|Any CPU.Build.0 = Debug|Any CPU
		{5BC221E1-7B28-43C4-B679-697436953959}.Release|Any CPU.ActiveCfg = Release|Any CPU
		{5BC221E1-7B28-43C4-B679-697436953959}.Release|Any CPU.Build.0 = Release|Any CPU
		{D918AA31-538A-452F-877B-DBCF0B3F74D9}.Debug|Any CPU.ActiveCfg = Debug|Any CPU
		{D918AA31-538A-452F-877B-DBCF0B3F74D9}.Debug|Any CPU.Build.0 = Debug|Any CPU
		{D918AA31-538A-452F-877B-DBCF0B3F74D9}.Release|Any CPU.ActiveCfg = Release|Any CPU
		{D918AA31-538A-452F-877B-DBCF0B3F74D9}.Release|Any CPU.Build.0 = Release|Any CPU
		{76EB187B-1E8F-40DB-B6B6-1C04C7B3C1C2}.Debug|Any CPU.ActiveCfg = Debug|Any CPU
		{76EB187B-1E8F-40DB-B6B6-1C04C7B3C1C2}.Debug|Any CPU.Build.0 = Debug|Any CPU
		{76EB187B-1E8F-40DB-B6B6-1C04C7B3C1C2}.Release|Any CPU.ActiveCfg = Release|Any CPU
		{76EB187B-1E8F-40DB-B6B6-1C04C7B3C1C2}.Release|Any CPU.Build.0 = Release|Any CPU
	EndGlobalSection
	GlobalSection(SolutionProperties) = preSolution
		HideSolutionNode = FALSE
	EndGlobalSection
	GlobalSection(ExtensibilityGlobals) = postSolution
		SolutionGuid = {A75DA61D-049F-4342-8D83-E9160EAA7713}
	EndGlobalSection
EndGlobal
